
Microsoft Visual Studio Solution File, Format Version 12.00
# Visual Studio 2013
VisualStudioVersion = 12.0.30501.0
MinimumVisualStudioVersion = 10.0.40219.1
Project("{E24C65DC-7377-472B-9ABA-BC803B73C61A}") = "UmbracoCms", "http://localhost:51541", "{DEFEFD8E-618D-4765-B107-FBD75AA159A2}"
	ProjectSection(WebsiteProperties) = preProject
		UseIISExpress = "true"
		TargetFrameworkMoniker = ".NETFramework,Version%3Dv4.5"
		ProjectReferences = "{dc348948-8961-48f6-9f85-3fc946e405aa}|AbleMods.Api.dll;"
		Debug.AspNetCompiler.VirtualPath = "/localhost_51541"
		Debug.AspNetCompiler.PhysicalPath = "UmbracoCms\"
		Debug.AspNetCompiler.TargetPath = "PrecompiledWeb\localhost_51541\"
		Debug.AspNetCompiler.Updateable = "true"
		Debug.AspNetCompiler.ForceOverwrite = "true"
		Debug.AspNetCompiler.FixedNames = "false"
		Debug.AspNetCompiler.Debug = "True"
		Release.AspNetCompiler.VirtualPath = "/localhost_51541"
		Release.AspNetCompiler.PhysicalPath = "UmbracoCms\"
		Release.AspNetCompiler.TargetPath = "PrecompiledWeb\localhost_51541\"
		Release.AspNetCompiler.Updateable = "true"
		Release.AspNetCompiler.ForceOverwrite = "true"
		Release.AspNetCompiler.FixedNames = "false"
		Release.AspNetCompiler.Debug = "False"
		SlnRelativePath = "UmbracoCms\"
	EndProjectSection
	ProjectSection(ProjectDependencies) = postProject
		{DC348948-8961-48F6-9F85-3FC946E405AA} = {DC348948-8961-48F6-9F85-3FC946E405AA}
	EndProjectSection
EndProject
Project("{FAE04EC0-301F-11D3-BF4B-00C04F79EFBC}") = "BrambleBerry.Kitchen", "BrambleBerry.Kitchen\BrambleBerry.Kitchen.csproj", "{0BCC6AE8-8375-408C-8213-ED9A1002722A}"
EndProject
Project("{2150E333-8FDC-42A3-9474-1A3956D46DE8}") = "Build", "Build", "{90B03318-DF7A-404A-86AD-9A9671B0E3FE}"
EndProject
Project("{2150E333-8FDC-42A3-9474-1A3956D46DE8}") = "Solution Items", "Solution Items", "{0DD53A03-A111-4285-966F-C2357B018797}"
	ProjectSection(SolutionItems) = preProject
		WE-browsers.xml = WE-browsers.xml
	EndProjectSection
EndProject
Project("{FAE04EC0-301F-11D3-BF4B-00C04F79EFBC}") = "BrambleBerry.Legacy", "BrambleBerry.Legacy\BrambleBerry.Legacy.csproj", "{994DE63F-9C1E-4BAF-8C96-F0DE051D61E5}"
EndProject
Project("{FAE04EC0-301F-11D3-BF4B-00C04F79EFBC}") = "AbleMods.Api", "AbleMods.Api\AbleMods.Api.csproj", "{DC348948-8961-48F6-9F85-3FC946E405AA}"
EndProject
Project("{FAE04EC0-301F-11D3-BF4B-00C04F79EFBC}") = "BrambleBerry.KitchenTests", "BrambleBerry.KitchenTests\BrambleBerry.KitchenTests.csproj", "{40426A5A-22D1-471C-AAE0-090007F297C8}"
EndProject
Global
	GlobalSection(SolutionConfigurationPlatforms) = preSolution
		Debug|Any CPU = Debug|Any CPU
		Release|Any CPU = Release|Any CPU
	EndGlobalSection
	GlobalSection(ProjectConfigurationPlatforms) = postSolution
		{DEFEFD8E-618D-4765-B107-FBD75AA159A2}.Debug|Any CPU.ActiveCfg = Debug|Any CPU
		{DEFEFD8E-618D-4765-B107-FBD75AA159A2}.Release|Any CPU.ActiveCfg = Debug|Any CPU
		{DEFEFD8E-618D-4765-B107-FBD75AA159A2}.Release|Any CPU.Build.0 = Debug|Any CPU
		{0BCC6AE8-8375-408C-8213-ED9A1002722A}.Debug|Any CPU.ActiveCfg = Debug|Any CPU
		{0BCC6AE8-8375-408C-8213-ED9A1002722A}.Debug|Any CPU.Build.0 = Debug|Any CPU
		{0BCC6AE8-8375-408C-8213-ED9A1002722A}.Release|Any CPU.ActiveCfg = Release|Any CPU
		{0BCC6AE8-8375-408C-8213-ED9A1002722A}.Release|Any CPU.Build.0 = Release|Any CPU
		{994DE63F-9C1E-4BAF-8C96-F0DE051D61E5}.Debug|Any CPU.ActiveCfg = Debug|Any CPU
		{994DE63F-9C1E-4BAF-8C96-F0DE051D61E5}.Debug|Any CPU.Build.0 = Debug|Any CPU
		{994DE63F-9C1E-4BAF-8C96-F0DE051D61E5}.Release|Any CPU.ActiveCfg = Release|Any CPU
		{994DE63F-9C1E-4BAF-8C96-F0DE051D61E5}.Release|Any CPU.Build.0 = Release|Any CPU
		{DC348948-8961-48F6-9F85-3FC946E405AA}.Debug|Any CPU.ActiveCfg = Debug|Any CPU
		{DC348948-8961-48F6-9F85-3FC946E405AA}.Debug|Any CPU.Build.0 = Debug|Any CPU
		{DC348948-8961-48F6-9F85-3FC946E405AA}.Release|Any CPU.ActiveCfg = Release|Any CPU
		{DC348948-8961-48F6-9F85-3FC946E405AA}.Release|Any CPU.Build.0 = Release|Any CPU
		{40426A5A-22D1-471C-AAE0-090007F297C8}.Debug|Any CPU.ActiveCfg = Debug|Any CPU
		{40426A5A-22D1-471C-AAE0-090007F297C8}.Debug|Any CPU.Build.0 = Debug|Any CPU
		{40426A5A-22D1-471C-AAE0-090007F297C8}.Release|Any CPU.ActiveCfg = Release|Any CPU
		{40426A5A-22D1-471C-AAE0-090007F297C8}.Release|Any CPU.Build.0 = Release|Any CPU
	EndGlobalSection
	GlobalSection(SolutionProperties) = preSolution
		HideSolutionNode = FALSE
	EndGlobalSection
EndGlobal
