
Microsoft Visual Studio Solution File, Format Version 12.00
# Visual Studio 2012
Project("{E24C65DC-7377-472B-9ABA-BC803B73C61A}") = "UmbracoCms.7.1.6(2)", "http://localhost:51620", "{195A2595-9933-40D8-8588-EB3A9F437AF6}"
	ProjectSection(WebsiteProperties) = preProject
		UseIISExpress = "true"
		TargetFrameworkMoniker = ".NETFramework,Version%3Dv4.5"
		Debug.AspNetCompiler.VirtualPath = "/UmbracoCms.7.1.6"
		Debug.AspNetCompiler.PhysicalPath = "UmbracoCms.7.1.6\"
		Debug.AspNetCompiler.TargetPath = "PrecompiledWeb\UmbracoCms.7.1.6\"
		Debug.AspNetCompiler.Updateable = "true"
		Debug.AspNetCompiler.ForceOverwrite = "true"
		Debug.AspNetCompiler.FixedNames = "false"
		Debug.AspNetCompiler.Debug = "True"
		Release.AspNetCompiler.VirtualPath = "/UmbracoCms.7.1.6"
		Release.AspNetCompiler.PhysicalPath = "UmbracoCms.7.1.6\"
		Release.AspNetCompiler.TargetPath = "PrecompiledWeb\UmbracoCms.7.1.6\"
		Release.AspNetCompiler.Updateable = "true"
		Release.AspNetCompiler.ForceOverwrite = "true"
		Release.AspNetCompiler.FixedNames = "false"
		Release.AspNetCompiler.Debug = "False"
		SlnRelativePath = "UmbracoCms.7.1.6\"
	EndProjectSection
EndProject
Global
	GlobalSection(SolutionConfigurationPlatforms) = preSolution
		Debug|Any CPU = Debug|Any CPU
	EndGlobalSection
	GlobalSection(ProjectConfigurationPlatforms) = postSolution
		{195A2595-9933-40D8-8588-EB3A9F437AF6}.Debug|Any CPU.ActiveCfg = Debug|Any CPU
	EndGlobalSection
	GlobalSection(SolutionProperties) = preSolution
		HideSolutionNode = FALSE
	EndGlobalSection
EndGlobal
